
Microsoft Visual Studio Solution File, Format Version 12.00
# Visual Studio Version 16
VisualStudioVersion = 16.0.30611.23
MinimumVisualStudioVersion = 10.0.40219.1
Project("{FAE04EC0-301F-11D3-BF4B-00C04F79EFBC}") = "HashTableAndBST_Day17", "HashTableAndBST_Day17.csproj", "{E6570260-46AC-4600-B267-038D81F9157B}"
EndProject
Global
	GlobalSection(SolutionConfigurationPlatforms) = preSolution
		Debug|Any CPU = Debug|Any CPU
		Release|Any CPU = Release|Any CPU
	EndGlobalSection
	GlobalSection(ProjectConfigurationPlatforms) = postSolution
		{E6570260-46AC-4600-B267-038D81F9157B}.Debug|Any CPU.ActiveCfg = Debug|Any CPU
		{E6570260-46AC-4600-B267-038D81F9157B}.Debug|Any CPU.Build.0 = Debug|Any CPU
		{E6570260-46AC-4600-B267-038D81F9157B}.Release|Any CPU.ActiveCfg = Release|Any CPU
		{E6570260-46AC-4600-B267-038D81F9157B}.Release|Any CPU.Build.0 = Release|Any CPU
	EndGlobalSection
	GlobalSection(SolutionProperties) = preSolution
		HideSolutionNode = FALSE
	EndGlobalSection
	GlobalSection(ExtensibilityGlobals) = postSolution
		SolutionGuid = {8AA32171-9448-4B08-BCB6-16DA33D8CA60}
	EndGlobalSection
EndGlobal
